
Microsoft Visual Studio Solution File, Format Version 12.00
Project("{FAE04EC0-301F-11D3-BF4B-00C04F79EFBC}") = "good", "good.csproj", "{114C077E-6578-45EE-A67E-171E0B81317A}"
EndProject
Project("{FAE04EC0-301F-11D3-BF4B-00C04F79EFBC}") = "Tests", "Tests/Tests.csproj", "{0EA484B1-529D-4DD2-A12D-46E9A92E4330}"
EndProject
Global
	GlobalSection(SolutionConfigurationPlatforms) = preSolution
		Debug|Any CPU = Debug|Any CPU
		Debug|x64 = Debug|x64
		Debug|x86 = Debug|x86
		Release|Any CPU = Release|Any CPU
		Release|x64 = Release|x64
		Release|x86 = Release|x86
	EndGlobalSection
	GlobalSection(ProjectConfigurationPlatforms) = postSolution
		{114C077E-6578-45EE-A67E-171E0B81317A}.Debug|Any CPU.ActiveCfg = Debug|Any CPU
		{114C077E-6578-45EE-A67E-171E0B81317A}.Debug|Any CPU.Build.0 = Debug|Any CPU
		{114C077E-6578-45EE-A67E-171E0B81317A}.Debug|x64.ActiveCfg = Debug|Any CPU
		{114C077E-6578-45EE-A67E-171E0B81317A}.Debug|x64.Build.0 = Debug|Any CPU
		{114C077E-6578-45EE-A67E-171E0B81317A}.Debug|x86.ActiveCfg = Debug|Any CPU
		{114C077E-6578-45EE-A67E-171E0B81317A}.Debug|x86.Build.0 = Debug|Any CPU
		{114C077E-6578-45EE-A67E-171E0B81317A}.Release|Any CPU.ActiveCfg = Release|Any CPU
		{114C077E-6578-45EE-A67E-171E0B81317A}.Release|Any CPU.Build.0 = Release|Any CPU
		{114C077E-6578-45EE-A67E-171E0B81317A}.Release|x64.ActiveCfg = Release|Any CPU
		{114C077E-6578-45EE-A67E-171E0B81317A}.Release|x64.Build.0 = Release|Any CPU
		{114C077E-6578-45EE-A67E-171E0B81317A}.Release|x86.ActiveCfg = Release|Any CPU
		{114C077E-6578-45EE-A67E-171E0B81317A}.Release|x86.Build.0 = Release|Any CPU
		{0EA484B1-529D-4DD2-A12D-46E9A92E4330}.Debug|Any CPU.ActiveCfg = Debug|Any CPU
		{0EA484B1-529D-4DD2-A12D-46E9A92E4330}.Debug|Any CPU.Build.0 = Debug|Any CPU
		{0EA484B1-529D-4DD2-A12D-46E9A92E4330}.Debug|x64.ActiveCfg = Debug|Any CPU
		{0EA484B1-529D-4DD2-A12D-46E9A92E4330}.Debug|x64.Build.0 = Debug|Any CPU
		{0EA484B1-529D-4DD2-A12D-46E9A92E4330}.Debug|x86.ActiveCfg = Debug|Any CPU
		{0EA484B1-529D-4DD2-A12D-46E9A92E4330}.Debug|x86.Build.0 = Debug|Any CPU
		{0EA484B1-529D-4DD2-A12D-46E9A92E4330}.Release|Any CPU.ActiveCfg = Release|Any CPU
		{0EA484B1-529D-4DD2-A12D-46E9A92E4330}.Release|Any CPU.Build.0 = Release|Any CPU
		{0EA484B1-529D-4DD2-A12D-46E9A92E4330}.Release|x64.ActiveCfg = Release|Any CPU
		{0EA484B1-529D-4DD2-A12D-46E9A92E4330}.Release|x64.Build.0 = Release|Any CPU
		{0EA484B1-529D-4DD2-A12D-46E9A92E4330}.Release|x86.ActiveCfg = Release|Any CPU
		{0EA484B1-529D-4DD2-A12D-46E9A92E4330}.Release|x86.Build.0 = Release|Any CPU
	EndGlobalSection
	GlobalSection(SolutionProperties) = preSolution
		HideSolutionNode = FALSE
	EndGlobalSection
EndGlobal
